
Microsoft Visual Studio Solution File, Format Version 12.00
# Visual Studio Version 17
VisualStudioVersion = 17.14.36408.4 d17.14
MinimumVisualStudioVersion = 10.0.40219.1
Project("{FAE04EC0-301F-11D3-BF4B-00C04F79EFBC}") = "SurveyBasket", "SurveyBasket\SurveyBasket.csproj", "{508393B2-F214-4DD3-8901-E4A6BB7253DE}"
EndProject
Global
	GlobalSection(SolutionConfigurationPlatforms) = preSolution
		Debug|Any CPU = Debug|Any CPU
		Release|Any CPU = Release|Any CPU
	EndGlobalSection
	GlobalSection(ProjectConfigurationPlatforms) = postSolution
		{508393B2-F214-4DD3-8901-E4A6BB7253DE}.Debug|Any CPU.ActiveCfg = Debug|Any CPU
		{508393B2-F214-4DD3-8901-E4A6BB7253DE}.Debug|Any CPU.Build.0 = Debug|Any CPU
		{508393B2-F214-4DD3-8901-E4A6BB7253DE}.Release|Any CPU.ActiveCfg = Release|Any CPU
		{508393B2-F214-4DD3-8901-E4A6BB7253DE}.Release|Any CPU.Build.0 = Release|Any CPU
	EndGlobalSection
	GlobalSection(SolutionProperties) = preSolution
		HideSolutionNode = FALSE
	EndGlobalSection
	GlobalSection(ExtensibilityGlobals) = postSolution
		SolutionGuid = {3110853D-15A5-4AEB-80C9-618B3334C5D5}
	EndGlobalSection
EndGlobal
